
Microsoft Visual Studio Solution File, Format Version 12.00
# Visual Studio Version 17
VisualStudioVersion = 17.14.36518.9 d17.14
MinimumVisualStudioVersion = 10.0.40219.1
Project("{8BC9CEB8-8B4A-11D0-8D11-00A0C91BC942}") = "BeginnerCPlusPlus", "BeginnerCPlusPlus.vcxproj", "{D38229F7-1524-41DD-8566-B14746C488EC}"
EndProject
Global
	GlobalSection(SolutionConfigurationPlatforms) = preSolution
		Debug|x64 = Debug|x64
		Debug|x86 = Debug|x86
		Release|x64 = Release|x64
		Release|x86 = Release|x86
	EndGlobalSection
	GlobalSection(ProjectConfigurationPlatforms) = postSolution
		{D38229F7-1524-41DD-8566-B14746C488EC}.Debug|x64.ActiveCfg = Debug|x64
		{D38229F7-1524-41DD-8566-B14746C488EC}.Debug|x64.Build.0 = Debug|x64
		{D38229F7-1524-41DD-8566-B14746C488EC}.Debug|x86.ActiveCfg = Debug|Win32
		{D38229F7-1524-41DD-8566-B14746C488EC}.Debug|x86.Build.0 = Debug|Win32
		{D38229F7-1524-41DD-8566-B14746C488EC}.Release|x64.ActiveCfg = Release|x64
		{D38229F7-1524-41DD-8566-B14746C488EC}.Release|x64.Build.0 = Release|x64
		{D38229F7-1524-41DD-8566-B14746C488EC}.Release|x86.ActiveCfg = Release|Win32
		{D38229F7-1524-41DD-8566-B14746C488EC}.Release|x86.Build.0 = Release|Win32
	EndGlobalSection
	GlobalSection(SolutionProperties) = preSolution
		HideSolutionNode = FALSE
	EndGlobalSection
	GlobalSection(ExtensibilityGlobals) = postSolution
		SolutionGuid = {C8B68588-7D31-411C-AC7F-2742B05E9689}
	EndGlobalSection
EndGlobal
